
Microsoft Visual Studio Solution File, Format Version 12.00
# Visual Studio Version 16
VisualStudioVersion = 16.0.29905.134
MinimumVisualStudioVersion = 10.0.40219.1
Project("{9A19103F-16F7-4668-BE54-9A1E7A4F7556}") = "CRM.BLAZOR", "CRM.BLAZOR\CRM.BLAZOR.csproj", "{0D36B323-455C-425D-835B-A19FBA15092D}"
EndProject
Project("{9A19103F-16F7-4668-BE54-9A1E7A4F7556}") = "CRM.DAL", "CRM.DAL\CRM.DAL.csproj", "{5F1D0419-474A-405A-90F8-D5F430C38720}"
EndProject
Project("{9A19103F-16F7-4668-BE54-9A1E7A4F7556}") = "CRM.BLL", "CRM.BLL\CRM.BLL.csproj", "{6E99C68F-FF6F-4295-867E-74519CD7B7BC}"
EndProject
Global
	GlobalSection(SolutionConfigurationPlatforms) = preSolution
		Debug|Any CPU = Debug|Any CPU
		Release|Any CPU = Release|Any CPU
	EndGlobalSection
	GlobalSection(ProjectConfigurationPlatforms) = postSolution
		{0D36B323-455C-425D-835B-A19FBA15092D}.Debug|Any CPU.ActiveCfg = Debug|Any CPU
		{0D36B323-455C-425D-835B-A19FBA15092D}.Debug|Any CPU.Build.0 = Debug|Any CPU
		{0D36B323-455C-425D-835B-A19FBA15092D}.Release|Any CPU.ActiveCfg = Release|Any CPU
		{0D36B323-455C-425D-835B-A19FBA15092D}.Release|Any CPU.Build.0 = Release|Any CPU
		{5F1D0419-474A-405A-90F8-D5F430C38720}.Debug|Any CPU.ActiveCfg = Debug|Any CPU
		{5F1D0419-474A-405A-90F8-D5F430C38720}.Debug|Any CPU.Build.0 = Debug|Any CPU
		{5F1D0419-474A-405A-90F8-D5F430C38720}.Release|Any CPU.ActiveCfg = Release|Any CPU
		{5F1D0419-474A-405A-90F8-D5F430C38720}.Release|Any CPU.Build.0 = Release|Any CPU
		{6E99C68F-FF6F-4295-867E-74519CD7B7BC}.Debug|Any CPU.ActiveCfg = Debug|Any CPU
		{6E99C68F-FF6F-4295-867E-74519CD7B7BC}.Debug|Any CPU.Build.0 = Debug|Any CPU
		{6E99C68F-FF6F-4295-867E-74519CD7B7BC}.Release|Any CPU.ActiveCfg = Release|Any CPU
		{6E99C68F-FF6F-4295-867E-74519CD7B7BC}.Release|Any CPU.Build.0 = Release|Any CPU
	EndGlobalSection
	GlobalSection(SolutionProperties) = preSolution
		HideSolutionNode = FALSE
	EndGlobalSection
	GlobalSection(ExtensibilityGlobals) = postSolution
		SolutionGuid = {436E7E91-2698-4460-BADE-938754E540BD}
	EndGlobalSection
EndGlobal
